
Microsoft Visual Studio Solution File, Format Version 12.00
# Visual Studio Version 16
VisualStudioVersion = 16.0.31911.196
MinimumVisualStudioVersion = 10.0.40219.1
Project("{9A19103F-16F7-4668-BE54-9A1E7A4F7556}") = "WebApplication2", "WebApplication2\WebApplication2.csproj", "{36F1489B-65CB-478B-A9D2-4D2072BF651D}"
EndProject
Project("{FAE04EC0-301F-11D3-BF4B-00C04F79EFBC}") = "Model", "Model\Model.csproj", "{DA8453FD-30EB-4262-96CD-6E2F679F5CF9}"
EndProject
Global
	GlobalSection(SolutionConfigurationPlatforms) = preSolution
		Debug|Any CPU = Debug|Any CPU
		Release|Any CPU = Release|Any CPU
	EndGlobalSection
	GlobalSection(ProjectConfigurationPlatforms) = postSolution
		{36F1489B-65CB-478B-A9D2-4D2072BF651D}.Debug|Any CPU.ActiveCfg = Debug|Any CPU
		{36F1489B-65CB-478B-A9D2-4D2072BF651D}.Debug|Any CPU.Build.0 = Debug|Any CPU
		{36F1489B-65CB-478B-A9D2-4D2072BF651D}.Release|Any CPU.ActiveCfg = Release|Any CPU
		{36F1489B-65CB-478B-A9D2-4D2072BF651D}.Release|Any CPU.Build.0 = Release|Any CPU
		{DA8453FD-30EB-4262-96CD-6E2F679F5CF9}.Debug|Any CPU.ActiveCfg = Debug|Any CPU
		{DA8453FD-30EB-4262-96CD-6E2F679F5CF9}.Debug|Any CPU.Build.0 = Debug|Any CPU
		{DA8453FD-30EB-4262-96CD-6E2F679F5CF9}.Release|Any CPU.ActiveCfg = Release|Any CPU
		{DA8453FD-30EB-4262-96CD-6E2F679F5CF9}.Release|Any CPU.Build.0 = Release|Any CPU
	EndGlobalSection
	GlobalSection(SolutionProperties) = preSolution
		HideSolutionNode = FALSE
	EndGlobalSection
	GlobalSection(ExtensibilityGlobals) = postSolution
		SolutionGuid = {29A2931A-DE82-4989-96CC-B2358932D3F7}
	EndGlobalSection
EndGlobal
