
Microsoft Visual Studio Solution File, Format Version 12.00
# Visual Studio Version 16
VisualStudioVersion = 16.0.29905.134
MinimumVisualStudioVersion = 10.0.40219.1
Project("{FAE04EC0-301F-11D3-BF4B-00C04F79EFBC}") = "ArrayImplementation", "Array\ArrayImplementation.csproj", "{311B77E3-60C0-4D93-AFC6-03EC3A198D88}"
EndProject
Global
	GlobalSection(SolutionConfigurationPlatforms) = preSolution
		Debug|Any CPU = Debug|Any CPU
		Release|Any CPU = Release|Any CPU
	EndGlobalSection
	GlobalSection(ProjectConfigurationPlatforms) = postSolution
		{311B77E3-60C0-4D93-AFC6-03EC3A198D88}.Debug|Any CPU.ActiveCfg = Debug|Any CPU
		{311B77E3-60C0-4D93-AFC6-03EC3A198D88}.Debug|Any CPU.Build.0 = Debug|Any CPU
		{311B77E3-60C0-4D93-AFC6-03EC3A198D88}.Release|Any CPU.ActiveCfg = Release|Any CPU
		{311B77E3-60C0-4D93-AFC6-03EC3A198D88}.Release|Any CPU.Build.0 = Release|Any CPU
	EndGlobalSection
	GlobalSection(SolutionProperties) = preSolution
		HideSolutionNode = FALSE
	EndGlobalSection
	GlobalSection(ExtensibilityGlobals) = postSolution
		SolutionGuid = {0972CF5D-6A31-4A92-AF03-0E6E982F0DAC}
	EndGlobalSection
EndGlobal
