
Microsoft Visual Studio Solution File, Format Version 12.00
# Visual Studio Version 16
VisualStudioVersion = 16.0.31911.196
MinimumVisualStudioVersion = 10.0.40219.1
Project("{FAE04EC0-301F-11D3-BF4B-00C04F79EFBC}") = "GenCollectionImpl", "GenCollectionImpl\GenCollectionImpl.csproj", "{C902D7A9-D0DE-436B-AE98-502F7A532AF4}"
EndProject
Global
	GlobalSection(SolutionConfigurationPlatforms) = preSolution
		Debug|Any CPU = Debug|Any CPU
		Release|Any CPU = Release|Any CPU
	EndGlobalSection
	GlobalSection(ProjectConfigurationPlatforms) = postSolution
		{C902D7A9-D0DE-436B-AE98-502F7A532AF4}.Debug|Any CPU.ActiveCfg = Debug|Any CPU
		{C902D7A9-D0DE-436B-AE98-502F7A532AF4}.Debug|Any CPU.Build.0 = Debug|Any CPU
		{C902D7A9-D0DE-436B-AE98-502F7A532AF4}.Release|Any CPU.ActiveCfg = Release|Any CPU
		{C902D7A9-D0DE-436B-AE98-502F7A532AF4}.Release|Any CPU.Build.0 = Release|Any CPU
	EndGlobalSection
	GlobalSection(SolutionProperties) = preSolution
		HideSolutionNode = FALSE
	EndGlobalSection
	GlobalSection(ExtensibilityGlobals) = postSolution
		SolutionGuid = {2ABCBD48-7A4B-413C-9A9D-FC175F116CFD}
	EndGlobalSection
EndGlobal
