
Microsoft Visual Studio Solution File, Format Version 12.00
# Visual Studio Version 16
VisualStudioVersion = 16.0.31911.196
MinimumVisualStudioVersion = 10.0.40219.1
Project("{FAE04EC0-301F-11D3-BF4B-00C04F79EFBC}") = "CollectionImpl", "CollectionImpl\CollectionImpl.csproj", "{A26C503D-DB92-40E9-AC53-CC837DF29FC2}"
EndProject
Global
	GlobalSection(SolutionConfigurationPlatforms) = preSolution
		Debug|Any CPU = Debug|Any CPU
		Release|Any CPU = Release|Any CPU
	EndGlobalSection
	GlobalSection(ProjectConfigurationPlatforms) = postSolution
		{A26C503D-DB92-40E9-AC53-CC837DF29FC2}.Debug|Any CPU.ActiveCfg = Debug|Any CPU
		{A26C503D-DB92-40E9-AC53-CC837DF29FC2}.Debug|Any CPU.Build.0 = Debug|Any CPU
		{A26C503D-DB92-40E9-AC53-CC837DF29FC2}.Release|Any CPU.ActiveCfg = Release|Any CPU
		{A26C503D-DB92-40E9-AC53-CC837DF29FC2}.Release|Any CPU.Build.0 = Release|Any CPU
	EndGlobalSection
	GlobalSection(SolutionProperties) = preSolution
		HideSolutionNode = FALSE
	EndGlobalSection
	GlobalSection(ExtensibilityGlobals) = postSolution
		SolutionGuid = {0C1BE1B9-74E3-4EF5-8917-D3500E8B8B8D}
	EndGlobalSection
EndGlobal
