
Microsoft Visual Studio Solution File, Format Version 12.00
# Visual Studio Version 16
VisualStudioVersion = 16.0.29905.134
MinimumVisualStudioVersion = 10.0.40219.1
Project("{FAE04EC0-301F-11D3-BF4B-00C04F79EFBC}") = "UpcastingImplementation", "UpcastingImplementation\UpcastingImplementation.csproj", "{3492CB0C-B8DC-4361-8481-96E06FA56496}"
EndProject
Global
	GlobalSection(SolutionConfigurationPlatforms) = preSolution
		Debug|Any CPU = Debug|Any CPU
		Release|Any CPU = Release|Any CPU
	EndGlobalSection
	GlobalSection(ProjectConfigurationPlatforms) = postSolution
		{3492CB0C-B8DC-4361-8481-96E06FA56496}.Debug|Any CPU.ActiveCfg = Debug|Any CPU
		{3492CB0C-B8DC-4361-8481-96E06FA56496}.Debug|Any CPU.Build.0 = Debug|Any CPU
		{3492CB0C-B8DC-4361-8481-96E06FA56496}.Release|Any CPU.ActiveCfg = Release|Any CPU
		{3492CB0C-B8DC-4361-8481-96E06FA56496}.Release|Any CPU.Build.0 = Release|Any CPU
	EndGlobalSection
	GlobalSection(SolutionProperties) = preSolution
		HideSolutionNode = FALSE
	EndGlobalSection
	GlobalSection(ExtensibilityGlobals) = postSolution
		SolutionGuid = {64B269AA-8F94-49CC-982F-E37B7D2700EE}
	EndGlobalSection
EndGlobal
