
Microsoft Visual Studio Solution File, Format Version 12.00
# Visual Studio Version 16
VisualStudioVersion = 16.0.29905.134
MinimumVisualStudioVersion = 10.0.40219.1
Project("{FAE04EC0-301F-11D3-BF4B-00C04F79EFBC}") = "LambdaExprImpl", "LambdaExprImpl\LambdaExprImpl.csproj", "{D786DF5E-6322-4CAB-93D2-C78BDF230640}"
EndProject
Global
	GlobalSection(SolutionConfigurationPlatforms) = preSolution
		Debug|Any CPU = Debug|Any CPU
		Release|Any CPU = Release|Any CPU
	EndGlobalSection
	GlobalSection(ProjectConfigurationPlatforms) = postSolution
		{D786DF5E-6322-4CAB-93D2-C78BDF230640}.Debug|Any CPU.ActiveCfg = Debug|Any CPU
		{D786DF5E-6322-4CAB-93D2-C78BDF230640}.Debug|Any CPU.Build.0 = Debug|Any CPU
		{D786DF5E-6322-4CAB-93D2-C78BDF230640}.Release|Any CPU.ActiveCfg = Release|Any CPU
		{D786DF5E-6322-4CAB-93D2-C78BDF230640}.Release|Any CPU.Build.0 = Release|Any CPU
	EndGlobalSection
	GlobalSection(SolutionProperties) = preSolution
		HideSolutionNode = FALSE
	EndGlobalSection
	GlobalSection(ExtensibilityGlobals) = postSolution
		SolutionGuid = {970BF81A-6D48-404A-B313-71B8994D6650}
	EndGlobalSection
EndGlobal
