
Microsoft Visual Studio Solution File, Format Version 12.00
# Visual Studio Version 16
VisualStudioVersion = 16.0.29905.134
MinimumVisualStudioVersion = 10.0.40219.1
Project("{FAE04EC0-301F-11D3-BF4B-00C04F79EFBC}") = "StringBuilderImplementation", "StringBuilderImplementation\StringBuilderImplementation.csproj", "{0733BF2F-F827-41BF-A525-6C036C2E865A}"
EndProject
Global
	GlobalSection(SolutionConfigurationPlatforms) = preSolution
		Debug|Any CPU = Debug|Any CPU
		Release|Any CPU = Release|Any CPU
	EndGlobalSection
	GlobalSection(ProjectConfigurationPlatforms) = postSolution
		{0733BF2F-F827-41BF-A525-6C036C2E865A}.Debug|Any CPU.ActiveCfg = Debug|Any CPU
		{0733BF2F-F827-41BF-A525-6C036C2E865A}.Debug|Any CPU.Build.0 = Debug|Any CPU
		{0733BF2F-F827-41BF-A525-6C036C2E865A}.Release|Any CPU.ActiveCfg = Release|Any CPU
		{0733BF2F-F827-41BF-A525-6C036C2E865A}.Release|Any CPU.Build.0 = Release|Any CPU
	EndGlobalSection
	GlobalSection(SolutionProperties) = preSolution
		HideSolutionNode = FALSE
	EndGlobalSection
	GlobalSection(ExtensibilityGlobals) = postSolution
		SolutionGuid = {17AE7721-D60E-423B-8C12-377A0BBBE9C2}
	EndGlobalSection
EndGlobal
