
Microsoft Visual Studio Solution File, Format Version 12.00
# Visual Studio Version 16
VisualStudioVersion = 16.0.29905.134
MinimumVisualStudioVersion = 10.0.40219.1
Project("{FAE04EC0-301F-11D3-BF4B-00C04F79EFBC}") = "PracticeApp1", "PracticeApp1\PracticeApp1.csproj", "{4DAC048C-5CDE-44E1-BDD4-7B129F1EF4BD}"
EndProject
Global
	GlobalSection(SolutionConfigurationPlatforms) = preSolution
		Debug|Any CPU = Debug|Any CPU
		Release|Any CPU = Release|Any CPU
	EndGlobalSection
	GlobalSection(ProjectConfigurationPlatforms) = postSolution
		{4DAC048C-5CDE-44E1-BDD4-7B129F1EF4BD}.Debug|Any CPU.ActiveCfg = Debug|Any CPU
		{4DAC048C-5CDE-44E1-BDD4-7B129F1EF4BD}.Debug|Any CPU.Build.0 = Debug|Any CPU
		{4DAC048C-5CDE-44E1-BDD4-7B129F1EF4BD}.Release|Any CPU.ActiveCfg = Release|Any CPU
		{4DAC048C-5CDE-44E1-BDD4-7B129F1EF4BD}.Release|Any CPU.Build.0 = Release|Any CPU
	EndGlobalSection
	GlobalSection(SolutionProperties) = preSolution
		HideSolutionNode = FALSE
	EndGlobalSection
	GlobalSection(ExtensibilityGlobals) = postSolution
		SolutionGuid = {AA02D1C8-48BD-4883-AECD-9F452B08D337}
	EndGlobalSection
EndGlobal
