
Microsoft Visual Studio Solution File, Format Version 12.00
# Visual Studio Version 16
VisualStudioVersion = 16.0.31911.196
MinimumVisualStudioVersion = 10.0.40219.1
Project("{FAE04EC0-301F-11D3-BF4B-00C04F79EFBC}") = "WorkerService2", "WorkerService2\WorkerService2.csproj", "{5CCCBE31-F70A-4BE7-9AC4-8EAAA8BEA841}"
EndProject
Project("{FAE04EC0-301F-11D3-BF4B-00C04F79EFBC}") = "Model", "Model\Model.csproj", "{70E9B8BD-2230-4FB3-92E9-8C272546B046}"
EndProject
Global
	GlobalSection(SolutionConfigurationPlatforms) = preSolution
		Debug|Any CPU = Debug|Any CPU
		Release|Any CPU = Release|Any CPU
	EndGlobalSection
	GlobalSection(ProjectConfigurationPlatforms) = postSolution
		{5CCCBE31-F70A-4BE7-9AC4-8EAAA8BEA841}.Debug|Any CPU.ActiveCfg = Debug|Any CPU
		{5CCCBE31-F70A-4BE7-9AC4-8EAAA8BEA841}.Debug|Any CPU.Build.0 = Debug|Any CPU
		{5CCCBE31-F70A-4BE7-9AC4-8EAAA8BEA841}.Release|Any CPU.ActiveCfg = Release|Any CPU
		{5CCCBE31-F70A-4BE7-9AC4-8EAAA8BEA841}.Release|Any CPU.Build.0 = Release|Any CPU
		{70E9B8BD-2230-4FB3-92E9-8C272546B046}.Debug|Any CPU.ActiveCfg = Debug|Any CPU
		{70E9B8BD-2230-4FB3-92E9-8C272546B046}.Debug|Any CPU.Build.0 = Debug|Any CPU
		{70E9B8BD-2230-4FB3-92E9-8C272546B046}.Release|Any CPU.ActiveCfg = Release|Any CPU
		{70E9B8BD-2230-4FB3-92E9-8C272546B046}.Release|Any CPU.Build.0 = Release|Any CPU
	EndGlobalSection
	GlobalSection(SolutionProperties) = preSolution
		HideSolutionNode = FALSE
	EndGlobalSection
	GlobalSection(ExtensibilityGlobals) = postSolution
		SolutionGuid = {C44A4318-724E-4AF8-B34F-F826A8351143}
	EndGlobalSection
EndGlobal
